
Microsoft Visual Studio Solution File, Format Version 12.00
# Visual Studio Version 16
VisualStudioVersion = 16.0.30717.126
MinimumVisualStudioVersion = 10.0.40219.1
Project("{00D1A9C2-B5F0-4AF3-8072-F6C62B433612}") = "Dallas", "SinvozUserType\Dallas.sqlproj", "{C04A7EEF-AF53-4210-9D92-2EEA1B580E3E}"
EndProject
Global
	GlobalSection(SolutionConfigurationPlatforms) = preSolution
		Debug|Any CPU = Debug|Any CPU
		Release|Any CPU = Release|Any CPU
	EndGlobalSection
	GlobalSection(ProjectConfigurationPlatforms) = postSolution
		{C04A7EEF-AF53-4210-9D92-2EEA1B580E3E}.Debug|Any CPU.ActiveCfg = Debug|Any CPU
		{C04A7EEF-AF53-4210-9D92-2EEA1B580E3E}.Debug|Any CPU.Build.0 = Debug|Any CPU
		{C04A7EEF-AF53-4210-9D92-2EEA1B580E3E}.Debug|Any CPU.Deploy.0 = Debug|Any CPU
		{C04A7EEF-AF53-4210-9D92-2EEA1B580E3E}.Release|Any CPU.ActiveCfg = Release|Any CPU
		{C04A7EEF-AF53-4210-9D92-2EEA1B580E3E}.Release|Any CPU.Build.0 = Release|Any CPU
		{C04A7EEF-AF53-4210-9D92-2EEA1B580E3E}.Release|Any CPU.Deploy.0 = Release|Any CPU
	EndGlobalSection
	GlobalSection(SolutionProperties) = preSolution
		HideSolutionNode = FALSE
	EndGlobalSection
	GlobalSection(ExtensibilityGlobals) = postSolution
		SolutionGuid = {6D60DC7C-21BC-4EF5-88A0-006EA7888B34}
	EndGlobalSection
EndGlobal
